
Microsoft Visual Studio Solution File, Format Version 12.00
# Visual Studio 15
VisualStudioVersion = 15.0.28010.0
MinimumVisualStudioVersion = 10.0.40219.1
Project("{FAE04EC0-301F-11D3-BF4B-00C04F79EFBC}") = "ThreeRow", "ThreeRow\ThreeRow.csproj", "{4A7F16F8-FD36-447C-9FC7-096C0C804EFE}"
EndProject
Global
	GlobalSection(SolutionConfigurationPlatforms) = preSolution
		Debug|Any CPU = Debug|Any CPU
		Release|Any CPU = Release|Any CPU
	EndGlobalSection
	GlobalSection(ProjectConfigurationPlatforms) = postSolution
		{4A7F16F8-FD36-447C-9FC7-096C0C804EFE}.Debug|Any CPU.ActiveCfg = Debug|Any CPU
		{4A7F16F8-FD36-447C-9FC7-096C0C804EFE}.Debug|Any CPU.Build.0 = Debug|Any CPU
		{4A7F16F8-FD36-447C-9FC7-096C0C804EFE}.Release|Any CPU.ActiveCfg = Release|Any CPU
		{4A7F16F8-FD36-447C-9FC7-096C0C804EFE}.Release|Any CPU.Build.0 = Release|Any CPU
	EndGlobalSection
	GlobalSection(SolutionProperties) = preSolution
		HideSolutionNode = FALSE
	EndGlobalSection
	GlobalSection(ExtensibilityGlobals) = postSolution
		SolutionGuid = {B21F8F12-C06C-49E9-9AE3-DBC6F2D2B5E5}
	EndGlobalSection
EndGlobal
